<?xml version="1.0" encoding="utf-8"?>
<Project ToolsVersion="4.0" xmlns="http://schemas.microsoft.com/developer/msbuild/2003">
  <ItemGroup>
    <Filter Include="Quelldateien">
      <UniqueIdentifier>{4FC737F1-C7A5-4376-A066-2A32D752A2FF}</UniqueIdentifier>
      <Extensions>cpp;c;cc;cxx;c++;cppm;ixx;def;odl;idl;hpj;bat;asm;asmx</Extensions>
    </Filter>
    <Filter Include="Headerdateien">
      <UniqueIdentifier>{93995380-89BD-4b04-88EB-625FBE52EBFB}</UniqueIdentifier>
      <Extensions>h;hh;hpp;hxx;h++;hm;inl;inc;ipp;xsd</Extensions>
    </Filter>
    <Filter Include="Ressourcendateien">
      <UniqueIdentifier>{67DA6AB6-F800-4c08-8B7A-83BB121AAD01}</UniqueIdentifier>
      <Extensions>rc;ico;cur;bmp;dlg;rc2;rct;bin;rgs;gif;jpg;jpeg;jpe;resx;tiff;tif;png;wav;mfcribbon-ms</Extensions>
    </Filter>
  </ItemGroup>
  <ItemGroup>
    <ClCompile Include="Quelle.cpp">
      <Filter>Quelldateien</Filter>
    </ClCompile>
    <ClCompile Include="glad.c">
      <Filter>Quelldateien</Filter>
    </ClCompile>
    <ClCompile Include="ShaderProgram.cpp">
      <Filter>Quelldateien</Filter>
    </ClCompile>
    <ClCompile Include="Models\MeshRenderer.cpp">
      <Filter>Quelldateien</Filter>
    </ClCompile>
    <ClCompile Include="Models\Model.cpp">
      <Filter>Quelldateien</Filter>
    </ClCompile>
    <ClCompile Include="Lighting\LightManager.cpp">
      <Filter>Quelldateien</Filter>
    </ClCompile>
    <ClCompile Include="imgui\imgui.cpp">
      <Filter>Quelldateien</Filter>
    </ClCompile>
    <ClCompile Include="imgui\imgui_demo.cpp">
      <Filter>Quelldateien</Filter>
    </ClCompile>
    <ClCompile Include="imgui\imgui_draw.cpp">
      <Filter>Quelldateien</Filter>
    </ClCompile>
    <ClCompile Include="imgui\imgui_impl_opengl3.cpp">
      <Filter>Quelldateien</Filter>
    </ClCompile>
    <ClCompile Include="imgui\imgui_tables.cpp">
      <Filter>Quelldateien</Filter>
    </ClCompile>
    <ClCompile Include="imgui\imgui_widgets.cpp">
      <Filter>Quelldateien</Filter>
    </ClCompile>
    <ClCompile Include="imgui\imgui_impl_glfw.cpp">
      <Filter>Quelldateien</Filter>
    </ClCompile>
    <ClCompile Include="imgui\imgui_stdlib.cpp">
      <Filter>Quelldateien</Filter>
    </ClCompile>
    <ClCompile Include="Terrain\NoiseGenerator.cpp">
      <Filter>Quelldateien</Filter>
    </ClCompile>
    <ClCompile Include="Terrain\DualContouring.cpp">
      <Filter>Quelldateien</Filter>
    </ClCompile>
    <ClCompile Include="Terrain\TerrainChunk.cpp">
      <Filter>Quelldateien</Filter>
    </ClCompile>
    <ClCompile Include="Terrain\Octree.cpp">
      <Filter>Quelldateien</Filter>
    </ClCompile>
    <ClCompile Include="Models\Renderer.cpp">
      <Filter>Quelldateien</Filter>
    </ClCompile>
    <ClCompile Include="Plane.cpp">
      <Filter>Quelldateien</Filter>
    </ClCompile>
  </ItemGroup>
  <ItemGroup>
    <ClInclude Include="stb_image.h">
      <Filter>Headerdateien</Filter>
    </ClInclude>
    <ClInclude Include="Shaders\ShaderProgram.h">
      <Filter>Headerdateien</Filter>
    </ClInclude>
    <ClInclude Include="Models\MeshRenderer.h">
      <Filter>Headerdateien</Filter>
    </ClInclude>
    <ClInclude Include="Models\Model.h">
      <Filter>Headerdateien</Filter>
    </ClInclude>
    <ClInclude Include="Models\OBJ_Loader.h">
      <Filter>Headerdateien</Filter>
    </ClInclude>
    <ClInclude Include="Lighting\LightManager.h">
      <Filter>Headerdateien</Filter>
    </ClInclude>
    <ClInclude Include="imgui\imconfig.h">
      <Filter>Headerdateien</Filter>
    </ClInclude>
    <ClInclude Include="imgui\imgui.h">
      <Filter>Headerdateien</Filter>
    </ClInclude>
    <ClInclude Include="imgui\imgui_impl_opengl3.h">
      <Filter>Headerdateien</Filter>
    </ClInclude>
    <ClInclude Include="imgui\imgui_impl_opengl3_loader.h">
      <Filter>Headerdateien</Filter>
    </ClInclude>
    <ClInclude Include="imgui\imgui_internal.h">
      <Filter>Headerdateien</Filter>
    </ClInclude>
    <ClInclude Include="imgui\imstb_rectpack.h">
      <Filter>Headerdateien</Filter>
    </ClInclude>
    <ClInclude Include="imgui\imstb_textedit.h">
      <Filter>Headerdateien</Filter>
    </ClInclude>
    <ClInclude Include="imgui\imstb_truetype.h">
      <Filter>Headerdateien</Filter>
    </ClInclude>
    <ClInclude Include="imgui\imgui_impl_glfw.h">
      <Filter>Headerdateien</Filter>
    </ClInclude>
    <ClInclude Include="imgui\imgui_stdlib.h">
      <Filter>Headerdateien</Filter>
    </ClInclude>
    <ClInclude Include="Terrain\NoiseGenerator.h">
      <Filter>Headerdateien</Filter>
    </ClInclude>
    <ClInclude Include="Models\Drawable.h">
      <Filter>Headerdateien</Filter>
    </ClInclude>
    <ClInclude Include="Terrain\DualContouring.h">
      <Filter>Headerdateien</Filter>
    </ClInclude>
    <ClInclude Include="Terrain\TerrainChunk.h">
      <Filter>Headerdateien</Filter>
    </ClInclude>
    <ClInclude Include="Terrain\Octree.h">
      <Filter>Headerdateien</Filter>
    </ClInclude>
    <ClInclude Include="Models\Renderer.h">
      <Filter>Headerdateien</Filter>
    </ClInclude>
    <ClInclude Include="Plane.h">
      <Filter>Headerdateien</Filter>
    </ClInclude>
  </ItemGroup>
  <ItemGroup>
    <None Include="Shaders\fragment.frag" />
    <None Include="Shaders\vs.vert" />
    <None Include="Shaders\Foliage.geom" />
    <None Include="Shaders\Foliage.frag" />
    <None Include="Shaders\Foliage.vert" />
    <None Include="Shaders\Debug.vert" />
    <None Include="Shaders\Debug.geom" />
    <None Include="Shaders\Debug.frag" />
  </ItemGroup>
  <ItemGroup>
    <CopyFileToFolders Include="..\..\..\Libraries\cpp\Build\FastNoise2\bin\FastNoise.dll" />
  </ItemGroup>
</Project>